
Microsoft Visual Studio Solution File, Format Version 12.00
# Visual Studio Version 16
VisualStudioVersion = 16.0.31702.278
MinimumVisualStudioVersion = 10.0.40219.1
Project("{FAE04EC0-301F-11D3-BF4B-00C04F79EFBC}") = "MvcProduct", "MvcProduct\MvcProduct.csproj", "{9FECE49C-C575-4EB9-9432-0B9D00EB1334}"
EndProject
Global
	GlobalSection(SolutionConfigurationPlatforms) = preSolution
		Debug|Any CPU = Debug|Any CPU
		Release|Any CPU = Release|Any CPU
	EndGlobalSection
	GlobalSection(ProjectConfigurationPlatforms) = postSolution
		{9FECE49C-C575-4EB9-9432-0B9D00EB1334}.Debug|Any CPU.ActiveCfg = Debug|Any CPU
		{9FECE49C-C575-4EB9-9432-0B9D00EB1334}.Debug|Any CPU.Build.0 = Debug|Any CPU
		{9FECE49C-C575-4EB9-9432-0B9D00EB1334}.Release|Any CPU.ActiveCfg = Release|Any CPU
		{9FECE49C-C575-4EB9-9432-0B9D00EB1334}.Release|Any CPU.Build.0 = Release|Any CPU
	EndGlobalSection
	GlobalSection(SolutionProperties) = preSolution
		HideSolutionNode = FALSE
	EndGlobalSection
	GlobalSection(ExtensibilityGlobals) = postSolution
		SolutionGuid = {B45F2C2E-5BB2-4EB5-B7E3-DD71CE3A3B86}
	EndGlobalSection
EndGlobal
